// !$*UTF8*$!
{
	archiveVersion = 1;
	classes = {
	};
	objectVersion = 77;
	objects = {

/* Begin PBXContainerItemProxy section */
		D48AE9832E05877E0089749D /* PBXContainerItemProxy */ = {
			isa = PBXContainerItemProxy;
			containerPortal = D48AE96D2E05877C0089749D /* Project object */;
			proxyType = 1;
			remoteGlobalIDString = D48AE9742E05877C0089749D;
			remoteInfo = "LeKi Minecraft";
		};
		D48AE98D2E05877E0089749D /* PBXContainerItemProxy */ = {
			isa = PBXContainerItemProxy;
			containerPortal = D48AE96D2E05877C0089749D /* Project object */;
			proxyType = 1;
			remoteGlobalIDString = D48AE9742E05877C0089749D;
			remoteInfo = "LeKi Minecraft";
		};
/* End PBXContainerItemProxy section */

/* Begin PBXFileReference section */
		D48AE9752E05877C0089749D /* LeKi Minecraft.app */ = {isa = PBXFileReference; explicitFileType = wrapper.application; includeInIndex = 0; path = "LeKi Minecraft.app"; sourceTree = BUILT_PRODUCTS_DIR; };
		D48AE9822E05877E0089749D /* LeKi MinecraftTests.xctest */ = {isa = PBXFileReference; explicitFileType = wrapper.cfbundle; includeInIndex = 0; path = "LeKi MinecraftTests.xctest"; sourceTree = BUILT_PRODUCTS_DIR; };
		D48AE98C2E05877E0089749D /* LeKi MinecraftUITests.xctest */ = {isa = PBXFileReference; explicitFileType = wrapper.cfbundle; includeInIndex = 0; path = "LeKi MinecraftUITests.xctest"; sourceTree = BUILT_PRODUCTS_DIR; };
/* End PBXFileReference section */

/* Begin PBXFileSystemSynchronizedRootGroup section */
		D48AE9772E05877C0089749D /* LeKi Minecraft */ = {
			isa = PBXFileSystemSynchronizedRootGroup;
			path = "LeKi Minecraft";
			sourceTree = "<group>";
		};
		D48AE9852E05877E0089749D /* LeKi MinecraftTests */ = {
			isa = PBXFileSystemSynchronizedRootGroup;
			path = "LeKi MinecraftTests";
			sourceTree = "<group>";
		};
		D48AE98F2E05877E0089749D /* LeKi MinecraftUITests */ = {
			isa = PBXFileSystemSynchronizedRootGroup;
			path = "LeKi MinecraftUITests";
			sourceTree = "<group>";
		};
/* End PBXFileSystemSynchronizedRootGroup section */

/* Begin PBXFrameworksBuildPhase section */
		D48AE9722E05877C0089749D /* Frameworks */ = {
			isa = PBXFrameworksBuildPhase;
			buildActionMask = 2147483647;
			files = (
			);
			runOnlyForDeploymentPostprocessing = 0;
		};
		D48AE97F2E05877E0089749D /* Frameworks */ = {
			isa = PBXFrameworksBuildPhase;
			buildActionMask = 2147483647;
			files = (
			);
			runOnlyForDeploymentPostprocessing = 0;
		};
		D48AE9892E05877E0089749D /* Frameworks */ = {
			isa = PBXFrameworksBuildPhase;
			buildActionMask = 2147483647;
			files = (
			);
			runOnlyForDeploymentPostprocessing = 0;
		};
/* End PBXFrameworksBuildPhase section */

/* Begin PBXGroup section */
		D48AE96C2E05877C0089749D = {
			isa = PBXGroup;
			children = (
				D48AE9772E05877C0089749D /* LeKi Minecraft */,
				D48AE9852E05877E0089749D /* LeKi MinecraftTests */,
				D48AE98F2E05877E0089749D /* LeKi MinecraftUITests */,
				D48AE9762E05877C0089749D /* Products */,
			);
			sourceTree = "<group>";
		};
		D48AE9762E05877C0089749D /* Products */ = {
			isa = PBXGroup;
			children = (
				D48AE9752E05877C0089749D /* LeKi Minecraft.app */,
				D48AE9822E05877E0089749D /* LeKi MinecraftTests.xctest */,
				D48AE98C2E05877E0089749D /* LeKi MinecraftUITests.xctest */,
			);
			name = Products;
			sourceTree = "<group>";
		};
/* End PBXGroup section */

/* Begin PBXNativeTarget section */
		D48AE9742E05877C0089749D /* LeKi Minecraft */ = {
			isa = PBXNativeTarget;
			buildConfigurationList = D48AE9962E05877E0089749D /* Build configuration list for PBXNativeTarget "LeKi Minecraft" */;
			buildPhases = (
				D48AE9712E05877C0089749D /* Sources */,
				D48AE9722E05877C0089749D /* Frameworks */,
				D48AE9732E05877C0089749D /* Resources */,
			);
			buildRules = (
			);
			dependencies = (
			);
			fileSystemSynchronizedGroups = (
				D48AE9772E05877C0089749D /* LeKi Minecraft */,
			);
			name = "LeKi Minecraft";
			packageProductDependencies = (
			);
			productName = "LeKi Minecraft";
			productReference = D48AE9752E05877C0089749D /* LeKi Minecraft.app */;
			productType = "com.apple.product-type.application";
		};
		D48AE9812E05877E0089749D /* LeKi MinecraftTests */ = {
			isa = PBXNativeTarget;
			buildConfigurationList = D48AE9992E05877E0089749D /* Build configuration list for PBXNativeTarget "LeKi MinecraftTests" */;
			buildPhases = (
				D48AE97E2E05877E0089749D /* Sources */,
				D48AE97F2E05877E0089749D /* Frameworks */,
				D48AE9802E05877E0089749D /* Resources */,
			);
			buildRules = (
			);
			dependencies = (
				D48AE9842E05877E0089749D /* PBXTargetDependency */,
			);
			fileSystemSynchronizedGroups = (
				D48AE9852E05877E0089749D /* LeKi MinecraftTests */,
			);
			name = "LeKi MinecraftTests";
			packageProductDependencies = (
			);
			productName = "LeKi MinecraftTests";
			productReference = D48AE9822E05877E0089749D /* LeKi MinecraftTests.xctest */;
			productType = "com.apple.product-type.bundle.unit-test";
		};
		D48AE98B2E05877E0089749D /* LeKi MinecraftUITests */ = {
			isa = PBXNativeTarget;
			buildConfigurationList = D48AE99C2E05877E0089749D /* Build configuration list for PBXNativeTarget "LeKi MinecraftUITests" */;
			buildPhases = (
				D48AE9882E05877E0089749D /* Sources */,
				D48AE9892E05877E0089749D /* Frameworks */,
				D48AE98A2E05877E0089749D /* Resources */,
			);
			buildRules = (
			);
			dependencies = (
				D48AE98E2E05877E0089749D /* PBXTargetDependency */,
			);
			fileSystemSynchronizedGroups = (
				D48AE98F2E05877E0089749D /* LeKi MinecraftUITests */,
			);
			name = "LeKi MinecraftUITests";
			packageProductDependencies = (
			);
			productName = "LeKi MinecraftUITests";
			productReference = D48AE98C2E05877E0089749D /* LeKi MinecraftUITests.xctest */;
			productType = "com.apple.product-type.bundle.ui-testing";
		};
/* End PBXNativeTarget section */

/* Begin PBXProject section */
		D48AE96D2E05877C0089749D /* Project object */ = {
			isa = PBXProject;
			attributes = {
				BuildIndependentTargetsInParallel = 1;
				LastSwiftUpdateCheck = 1640;
				LastUpgradeCheck = 1640;
				TargetAttributes = {
					D48AE9742E05877C0089749D = {
						CreatedOnToolsVersion = 16.4;
					};
					D48AE9812E05877E0089749D = {
						CreatedOnToolsVersion = 16.4;
						TestTargetID = D48AE9742E05877C0089749D;
					};
					D48AE98B2E05877E0089749D = {
						CreatedOnToolsVersion = 16.4;
						TestTargetID = D48AE9742E05877C0089749D;
					};
				};
			};
			buildConfigurationList = D48AE9702E05877C0089749D /* Build configuration list for PBXProject "LeKi Minecraft" */;
			developmentRegion = en;
			hasScannedForEncodings = 0;
			knownRegions = (
				en,
				Base,
			);
			mainGroup = D48AE96C2E05877C0089749D;
			minimizedProjectReferenceProxies = 1;
			preferredProjectObjectVersion = 77;
			productRefGroup = D48AE9762E05877C0089749D /* Products */;
			projectDirPath = "";
			projectRoot = "";
			targets = (
				D48AE9742E05877C0089749D /* LeKi Minecraft */,
				D48AE9812E05877E0089749D /* LeKi MinecraftTests */,
				D48AE98B2E05877E0089749D /* LeKi MinecraftUITests */,
			);
		};
/* End PBXProject section */

/* Begin PBXResourcesBuildPhase section */
		D48AE9732E05877C0089749D /* Resources */ = {
			isa = PBXResourcesBuildPhase;
			buildActionMask = 2147483647;
			files = (
			);
			runOnlyForDeploymentPostprocessing = 0;
		};
		D48AE9802E05877E0089749D /* Resources */ = {
			isa = PBXResourcesBuildPhase;
			buildActionMask = 2147483647;
			files = (
			);
			runOnlyForDeploymentPostprocessing = 0;
		};
		D48AE98A2E05877E0089749D /* Resources */ = {
			isa = PBXResourcesBuildPhase;
			buildActionMask = 2147483647;
			files = (
			);
			runOnlyForDeploymentPostprocessing = 0;
		};
/* End PBXResourcesBuildPhase section */

/* Begin PBXSourcesBuildPhase section */
		D48AE9712E05877C0089749D /* Sources */ = {
			isa = PBXSourcesBuildPhase;
			buildActionMask = 2147483647;
			files = (
			);
			runOnlyForDeploymentPostprocessing = 0;
		};
		D48AE97E2E05877E0089749D /* Sources */ = {
			isa = PBXSourcesBuildPhase;
			buildActionMask = 2147483647;
			files = (
			);
			runOnlyForDeploymentPostprocessing = 0;
		};
		D48AE9882E05877E0089749D /* Sources */ = {
			isa = PBXSourcesBuildPhase;
			buildActionMask = 2147483647;
			files = (
			);
			runOnlyForDeploymentPostprocessing = 0;
		};
/* End PBXSourcesBuildPhase section */

/* Begin PBXTargetDependency section */
		D48AE9842E05877E0089749D /* PBXTargetDependency */ = {
			isa = PBXTargetDependency;
			target = D48AE9742E05877C0089749D /* LeKi Minecraft */;
			targetProxy = D48AE9832E05877E0089749D /* PBXContainerItemProxy */;
		};
		D48AE98E2E05877E0089749D /* PBXTargetDependency */ = {
			isa = PBXTargetDependency;
			target = D48AE9742E05877C0089749D /* LeKi Minecraft */;
			targetProxy = D48AE98D2E05877E0089749D /* PBXContainerItemProxy */;
		};
/* End PBXTargetDependency section */

/* Begin XCBuildConfiguration section */
		D48AE9942E05877E0089749D /* Debug */ = {
			isa = XCBuildConfiguration;
			buildSettings = {
				ALWAYS_SEARCH_USER_PATHS = NO;
				ASSETCATALOG_COMPILER_GENERATE_SWIFT_ASSET_SYMBOL_EXTENSIONS = YES;
				CLANG_ANALYZER_NONNULL = YES;
				CLANG_ANALYZER_NUMBER_OBJECT_CONVERSION = YES_AGGRESSIVE;
				CLANG_CXX_LANGUAGE_STANDARD = "gnu++20";
				CLANG_ENABLE_MODULES = YES;
				CLANG_ENABLE_OBJC_ARC = YES;
				CLANG_ENABLE_OBJC_WEAK = YES;
				CLANG_WARN_BLOCK_CAPTURE_AUTORELEASING = YES;
				CLANG_WARN_BOOL_CONVERSION = YES;
				CLANG_WARN_COMMA = YES;
				CLANG_WARN_CONSTANT_CONVERSION = YES;
				CLANG_WARN_DEPRECATED_OBJC_IMPLEMENTATIONS = YES;
				CLANG_WARN_DIRECT_OBJC_ISA_USAGE = YES_ERROR;
				CLANG_WARN_DOCUMENTATION_COMMENTS = YES;
				CLANG_WARN_EMPTY_BODY = YES;
				CLANG_WARN_ENUM_CONVERSION = YES;
				CLANG_WARN_INFINITE_RECURSION = YES;
				CLANG_WARN_INT_CONVERSION = YES;
				CLANG_WARN_NON_LITERAL_NULL_CONVERSION = YES;
				CLANG_WARN_OBJC_IMPLICIT_RETAIN_SELF = YES;
				CLANG_WARN_OBJC_LITERAL_CONVERSION = YES;
				CLANG_WARN_OBJC_ROOT_CLASS = YES_ERROR;
				CLANG_WARN_QUOTED_INCLUDE_IN_FRAMEWORK_HEADER = YES;
				CLANG_WARN_RANGE_LOOP_ANALYSIS = YES;
				CLANG_WARN_STRICT_PROTOTYPES = YES;
				CLANG_WARN_SUSPICIOUS_MOVE = YES;
				CLANG_WARN_UNGUARDED_AVAILABILITY = YES_AGGRESSIVE;
				CLANG_WARN_UNREACHABLE_CODE = YES;
				CLANG_WARN__DUPLICATE_METHOD_MATCH = YES;
				COPY_PHASE_STRIP = NO;
				DEBUG_INFORMATION_FORMAT = dwarf;
				ENABLE_STRICT_OBJC_MSGSEND = YES;
				ENABLE_TESTABILITY = YES;
				ENABLE_USER_SCRIPT_SANDBOXING = YES;
				GCC_C_LANGUAGE_STANDARD = gnu17;
				GCC_DYNAMIC_NO_PIC = NO;
				GCC_NO_COMMON_BLOCKS = YES;
				GCC_OPTIMIZATION_LEVEL = 0;
				GCC_PREPROCESSOR_DEFINITIONS = (
					"DEBUG=1",
					"$(inherited)",
				);
				GCC_WARN_64_TO_32_BIT_CONVERSION = YES;
				GCC_WARN_ABOUT_RETURN_TYPE = YES_ERROR;
				GCC_WARN_UNDECLARED_SELECTOR = YES;
				GCC_WARN_UNINITIALIZED_AUTOS = YES_AGGRESSIVE;
				GCC_WARN_UNUSED_FUNCTION = YES;
				GCC_WARN_UNUSED_VARIABLE = YES;
				IPHONEOS_DEPLOYMENT_TARGET = 18.5;
				LOCALIZATION_PREFERS_STRING_CATALOGS = YES;
				MTL_ENABLE_DEBUG_INFO = INCLUDE_SOURCE;
				MTL_FAST_MATH = YES;
				ONLY_ACTIVE_ARCH = YES;
				SDKROOT = iphoneos;
				SWIFT_ACTIVE_COMPILATION_CONDITIONS = "DEBUG $(inherited)";
				SWIFT_OPTIMIZATION_LEVEL = "-Onone";
			};
			name = Debug;
		};
		D48AE9952E05877E0089749D /* Release */ = {
			isa = XCBuildConfiguration;
			buildSettings = {
				ALWAYS_SEARCH_USER_PATHS = NO;
				ASSETCATALOG_COMPILER_GENERATE_SWIFT_ASSET_SYMBOL_EXTENSIONS = YES;
				CLANG_ANALYZER_NONNULL = YES;
				CLANG_ANALYZER_NUMBER_OBJECT_CONVERSION = YES_AGGRESSIVE;
				CLANG_CXX_LANGUAGE_STANDARD = "gnu++20";
				CLANG_ENABLE_MODULES = YES;
				CLANG_ENABLE_OBJC_ARC = YES;
				CLANG_ENABLE_OBJC_WEAK = YES;
				CLANG_WARN_BLOCK_CAPTURE_AUTORELEASING = YES;
				CLANG_WARN_BOOL_CONVERSION = YES;
				CLANG_WARN_COMMA = YES;
				CLANG_WARN_CONSTANT_CONVERSION = YES;
				CLANG_WARN_DEPRECATED_OBJC_IMPLEMENTATIONS = YES;
				CLANG_WARN_DIRECT_OBJC_ISA_USAGE = YES_ERROR;
				CLANG_WARN_DOCUMENTATION_COMMENTS = YES;
				CLANG_WARN_EMPTY_BODY = YES;
				CLANG_WARN_ENUM_CONVERSION = YES;
				CLANG_WARN_INFINITE_RECURSION = YES;
				CLANG_WARN_INT_CONVERSION = YES;
				CLANG_WARN_NON_LITERAL_NULL_CONVERSION = YES;
				CLANG_WARN_OBJC_IMPLICIT_RETAIN_SELF = YES;
				CLANG_WARN_OBJC_LITERAL_CONVERSION = YES;
				CLANG_WARN_OBJC_ROOT_CLASS = YES_ERROR;
				CLANG_WARN_QUOTED_INCLUDE_IN_FRAMEWORK_HEADER = YES;
				CLANG_WARN_RANGE_LOOP_ANALYSIS = YES;
				CLANG_WARN_STRICT_PROTOTYPES = YES;
				CLANG_WARN_SUSPICIOUS_MOVE = YES;
				CLANG_WARN_UNGUARDED_AVAILABILITY = YES_AGGRESSIVE;
				CLANG_WARN_UNREACHABLE_CODE = YES;
				CLANG_WARN__DUPLICATE_METHOD_MATCH = YES;
				COPY_PHASE_STRIP = NO;
				DEBUG_INFORMATION_FORMAT = "dwarf-with-dsym";
				ENABLE_NS_ASSERTIONS = NO;
				ENABLE_STRICT_OBJC_MSGSEND = YES;
				ENABLE_USER_SCRIPT_SANDBOXING = YES;
				GCC_C_LANGUAGE_STANDARD = gnu17;
				GCC_NO_COMMON_BLOCKS = YES;
				GCC_WARN_64_TO_32_BIT_CONVERSION = YES;
				GCC_WARN_ABOUT_RETURN_TYPE = YES_ERROR;
				GCC_WARN_UNDECLARED_SELECTOR = YES;
				GCC_WARN_UNINITIALIZED_AUTOS = YES_AGGRESSIVE;
				GCC_WARN_UNUSED_FUNCTION = YES;
				GCC_WARN_UNUSED_VARIABLE = YES;
				IPHONEOS_DEPLOYMENT_TARGET = 18.5;
				LOCALIZATION_PREFERS_STRING_CATALOGS = YES;
				MTL_ENABLE_DEBUG_INFO = NO;
				MTL_FAST_MATH = YES;
				SDKROOT = iphoneos;
				SWIFT_COMPILATION_MODE = wholemodule;
				VALIDATE_PRODUCT = YES;
			};
			name = Release;
		};
		D48AE9972E05877E0089749D /* Debug */ = {
			isa = XCBuildConfiguration;
			buildSettings = {
				ASSETCATALOG_COMPILER_APPICON_NAME = AppIcon;
				ASSETCATALOG_COMPILER_GLOBAL_ACCENT_COLOR_NAME = AccentColor;
				CODE_SIGN_STYLE = Automatic;
				CURRENT_PROJECT_VERSION = 1;
				ENABLE_PREVIEWS = YES;
				GENERATE_INFOPLIST_FILE = YES;
				INFOPLIST_KEY_UIApplicationSceneManifest_Generation = YES;
				INFOPLIST_KEY_UIApplicationSupportsIndirectInputEvents = YES;
				INFOPLIST_KEY_UILaunchScreen_Generation = YES;
				INFOPLIST_KEY_UISupportedInterfaceOrientations_iPad = "UIInterfaceOrientationPortrait UIInterfaceOrientationPortraitUpsideDown UIInterfaceOrientationLandscapeLeft UIInterfaceOrientationLandscapeRight";
				INFOPLIST_KEY_UISupportedInterfaceOrientations_iPhone = "UIInterfaceOrientationPortrait UIInterfaceOrientationLandscapeLeft UIInterfaceOrientationLandscapeRight";
				LD_RUNPATH_SEARCH_PATHS = (
					"$(inherited)",
					"@executable_path/Frameworks",
				);
				MARKETING_VERSION = 1.0;
				PRODUCT_BUNDLE_IDENTIFIER = "home.LeKi-Minecraft";
				PRODUCT_NAME = "$(TARGET_NAME)";
				SWIFT_EMIT_LOC_STRINGS = YES;
				SWIFT_VERSION = 5.0;
				TARGETED_DEVICE_FAMILY = "1,2";
			};
			name = Debug;
		};
		D48AE9982E05877E0089749D /* Release */ = {
			isa = XCBuildConfiguration;
			buildSettings = {
				ASSETCATALOG_COMPILER_APPICON_NAME = AppIcon;
				ASSETCATALOG_COMPILER_GLOBAL_ACCENT_COLOR_NAME = AccentColor;
				CODE_SIGN_STYLE = Automatic;
				CURRENT_PROJECT_VERSION = 1;
				ENABLE_PREVIEWS = YES;
				GENERATE_INFOPLIST_FILE = YES;
				INFOPLIST_KEY_UIApplicationSceneManifest_Generation = YES;
				INFOPLIST_KEY_UIApplicationSupportsIndirectInputEvents = YES;
				INFOPLIST_KEY_UILaunchScreen_Generation = YES;
				INFOPLIST_KEY_UISupportedInterfaceOrientations_iPad = "UIInterfaceOrientationPortrait UIInterfaceOrientationPortraitUpsideDown UIInterfaceOrientationLandscapeLeft UIInterfaceOrientationLandscapeRight";
				INFOPLIST_KEY_UISupportedInterfaceOrientations_iPhone = "UIInterfaceOrientationPortrait UIInterfaceOrientationLandscapeLeft UIInterfaceOrientationLandscapeRight";
				LD_RUNPATH_SEARCH_PATHS = (
					"$(inherited)",
					"@executable_path/Frameworks",
				);
				MARKETING_VERSION = 1.0;
				PRODUCT_BUNDLE_IDENTIFIER = "home.LeKi-Minecraft";
				PRODUCT_NAME = "$(TARGET_NAME)";
				SWIFT_EMIT_LOC_STRINGS = YES;
				SWIFT_VERSION = 5.0;
				TARGETED_DEVICE_FAMILY = "1,2";
			};
			name = Release;
		};
		D48AE99A2E05877E0089749D /* Debug */ = {
			isa = XCBuildConfiguration;
			buildSettings = {
				BUNDLE_LOADER = "$(TEST_HOST)";
				CODE_SIGN_STYLE = Automatic;
				CURRENT_PROJECT_VERSION = 1;
				GENERATE_INFOPLIST_FILE = YES;
				IPHONEOS_DEPLOYMENT_TARGET = 18.5;
				MARKETING_VERSION = 1.0;
				PRODUCT_BUNDLE_IDENTIFIER = "home.LeKi-MinecraftTests";
				PRODUCT_NAME = "$(TARGET_NAME)";
				SWIFT_EMIT_LOC_STRINGS = NO;
				SWIFT_VERSION = 5.0;
				TARGETED_DEVICE_FAMILY = "1,2";
				TEST_HOST = "$(BUILT_PRODUCTS_DIR)/LeKi Minecraft.app/$(BUNDLE_EXECUTABLE_FOLDER_PATH)/LeKi Minecraft";
			};
			name = Debug;
		};
		D48AE99B2E05877E0089749D /* Release */ = {
			isa = XCBuildConfiguration;
			buildSettings = {
				BUNDLE_LOADER = "$(TEST_HOST)";
				CODE_SIGN_STYLE = Automatic;
				CURRENT_PROJECT_VERSION = 1;
				GENERATE_INFOPLIST_FILE = YES;
				IPHONEOS_DEPLOYMENT_TARGET = 18.5;
				MARKETING_VERSION = 1.0;
				PRODUCT_BUNDLE_IDENTIFIER = "home.LeKi-MinecraftTests";
				PRODUCT_NAME = "$(TARGET_NAME)";
				SWIFT_EMIT_LOC_STRINGS = NO;
				SWIFT_VERSION = 5.0;
				TARGETED_DEVICE_FAMILY = "1,2";
				TEST_HOST = "$(BUILT_PRODUCTS_DIR)/LeKi Minecraft.app/$(BUNDLE_EXECUTABLE_FOLDER_PATH)/LeKi Minecraft";
			};
			name = Release;
		};
		D48AE99D2E05877E0089749D /* Debug */ = {
			isa = XCBuildConfiguration;
			buildSettings = {
				CODE_SIGN_STYLE = Automatic;
				CURRENT_PROJECT_VERSION = 1;
				GENERATE_INFOPLIST_FILE = YES;
				MARKETING_VERSION = 1.0;
				PRODUCT_BUNDLE_IDENTIFIER = "home.LeKi-MinecraftUITests";
				PRODUCT_NAME = "$(TARGET_NAME)";
				SWIFT_EMIT_LOC_STRINGS = NO;
				SWIFT_VERSION = 5.0;
				TARGETED_DEVICE_FAMILY = "1,2";
				TEST_TARGET_NAME = "LeKi Minecraft";
			};
			name = Debug;
		};
		D48AE99E2E05877E0089749D /* Release */ = {
			isa = XCBuildConfiguration;
			buildSettings = {
				CODE_SIGN_STYLE = Automatic;
				CURRENT_PROJECT_VERSION = 1;
				GENERATE_INFOPLIST_FILE = YES;
				MARKETING_VERSION = 1.0;
				PRODUCT_BUNDLE_IDENTIFIER = "home.LeKi-MinecraftUITests";
				PRODUCT_NAME = "$(TARGET_NAME)";
				SWIFT_EMIT_LOC_STRINGS = NO;
				SWIFT_VERSION = 5.0;
				TARGETED_DEVICE_FAMILY = "1,2";
				TEST_TARGET_NAME = "LeKi Minecraft";
			};
			name = Release;
		};
/* End XCBuildConfiguration section */

/* Begin XCConfigurationList section */
		D48AE9702E05877C0089749D /* Build configuration list for PBXProject "LeKi Minecraft" */ = {
			isa = XCConfigurationList;
			buildConfigurations = (
				D48AE9942E05877E0089749D /* Debug */,
				D48AE9952E05877E0089749D /* Release */,
			);
			defaultConfigurationIsVisible = 0;
			defaultConfigurationName = Release;
		};
		D48AE9962E05877E0089749D /* Build configuration list for PBXNativeTarget "LeKi Minecraft" */ = {
			isa = XCConfigurationList;
			buildConfigurations = (
				D48AE9972E05877E0089749D /* Debug */,
				D48AE9982E05877E0089749D /* Release */,
			);
			defaultConfigurationIsVisible = 0;
			defaultConfigurationName = Release;
		};
		D48AE9992E05877E0089749D /* Build configuration list for PBXNativeTarget "LeKi MinecraftTests" */ = {
			isa = XCConfigurationList;
			buildConfigurations = (
				D48AE99A2E05877E0089749D /* Debug */,
				D48AE99B2E05877E0089749D /* Release */,
			);
			defaultConfigurationIsVisible = 0;
			defaultConfigurationName = Release;
		};
		D48AE99C2E05877E0089749D /* Build configuration list for PBXNativeTarget "LeKi MinecraftUITests" */ = {
			isa = XCConfigurationList;
			buildConfigurations = (
				D48AE99D2E05877E0089749D /* Debug */,
				D48AE99E2E05877E0089749D /* Release */,
			);
			defaultConfigurationIsVisible = 0;
			defaultConfigurationName = Release;
		};
/* End XCConfigurationList section */
	};
	rootObject = D48AE96D2E05877C0089749D /* Project object */;
}
